// !$*UTF8*$!
{
	archiveVersion = 1;
	classes = {
	};
	objectVersion = 50;
	objects = {

/* Begin PBXBuildFile section */
		72DD0951269B572000A687A1 /* AppDelegate.swift in Sources */ = {isa = PBXBuildFile; fileRef = 72DD0950269B572000A687A1 /* AppDelegate.swift */; };
		72DD095A269B572200A687A1 /* Assets.xcassets in Resources */ = {isa = PBXBuildFile; fileRef = 72DD0959269B572200A687A1 /* Assets.xcassets */; };
		72DD095D269B572200A687A1 /* LaunchScreen.storyboard in Resources */ = {isa = PBXBuildFile; fileRef = 72DD095B269B572200A687A1 /* LaunchScreen.storyboard */; };
		72DD0966269B594800A687A1 /* ApiService.swift in Sources */ = {isa = PBXBuildFile; fileRef = 72DD0965269B594800A687A1 /* ApiService.swift */; };
		72DD0969269B5A2900A687A1 /* Book.swift in Sources */ = {isa = PBXBuildFile; fileRef = 72DD0968269B5A2900A687A1 /* Book.swift */; };
		72DD096B269B5A9800A687A1 /* Offer.swift in Sources */ = {isa = PBXBuildFile; fileRef = 72DD096A269B5A9800A687A1 /* Offer.swift */; };
		72DD096D269B5ADE00A687A1 /* ManagerBooksService.swift in Sources */ = {isa = PBXBuildFile; fileRef = 72DD096C269B5ADE00A687A1 /* ManagerBooksService.swift */; };
		72DD0970269B5FD900A687A1 /* ResponseOffers.swift in Sources */ = {isa = PBXBuildFile; fileRef = 72DD096F269B5FD900A687A1 /* ResponseOffers.swift */; };
		72DD0972269B68DF00A687A1 /* AppCoordinator.swift in Sources */ = {isa = PBXBuildFile; fileRef = 72DD0971269B68DF00A687A1 /* AppCoordinator.swift */; };
		72DD0976269B6A4500A687A1 /* BooksListCoordinator.swift in Sources */ = {isa = PBXBuildFile; fileRef = 72DD0975269B6A4500A687A1 /* BooksListCoordinator.swift */; };
		72DD0978269B6A6300A687A1 /* BookViewModel.swift in Sources */ = {isa = PBXBuildFile; fileRef = 72DD0977269B6A6300A687A1 /* BookViewModel.swift */; };
		72DD097A269B6AE600A687A1 /* BooksListView.swift in Sources */ = {isa = PBXBuildFile; fileRef = 72DD0979269B6AE600A687A1 /* BooksListView.swift */; };
		72DD097C269B6B0A00A687A1 /* BooksListViewController.swift in Sources */ = {isa = PBXBuildFile; fileRef = 72DD097B269B6B0A00A687A1 /* BooksListViewController.swift */; };
		72DD097E269B6B2E00A687A1 /* BooksListViewModel.swift in Sources */ = {isa = PBXBuildFile; fileRef = 72DD097D269B6B2E00A687A1 /* BooksListViewModel.swift */; };
		72DD0981269B6BAA00A687A1 /* ReusableUIView.swift in Sources */ = {isa = PBXBuildFile; fileRef = 72DD0980269B6BAA00A687A1 /* ReusableUIView.swift */; };
		72DD0983269B6BE200A687A1 /* BindableViewController.swift in Sources */ = {isa = PBXBuildFile; fileRef = 72DD0982269B6BE200A687A1 /* BindableViewController.swift */; };
		72DD0986269B6C3900A687A1 /* UIColors+Extension.swift in Sources */ = {isa = PBXBuildFile; fileRef = 72DD0985269B6C3900A687A1 /* UIColors+Extension.swift */; };
		72DD0989269B6CA300A687A1 /* BookCell.swift in Sources */ = {isa = PBXBuildFile; fileRef = 72DD0988269B6CA300A687A1 /* BookCell.swift */; };
		72DD098D269BA31E00A687A1 /* LoaderImage.swift in Sources */ = {isa = PBXBuildFile; fileRef = 72DD098C269BA31E00A687A1 /* LoaderImage.swift */; };
		72DD0991269BB46000A687A1 /* ManagerBaskets.swift in Sources */ = {isa = PBXBuildFile; fileRef = 72DD0990269BB46000A687A1 /* ManagerBaskets.swift */; };
/* End PBXBuildFile section */

/* Begin PBXFileReference section */
		72DD094D269B572000A687A1 /* recruitment-tests-ahmed-chebbi.app */ = {isa = PBXFileReference; explicitFileType = wrapper.application; includeInIndex = 0; path = "recruitment-tests-ahmed-chebbi.app"; sourceTree = BUILT_PRODUCTS_DIR; };
		72DD0950269B572000A687A1 /* AppDelegate.swift */ = {isa = PBXFileReference; lastKnownFileType = sourcecode.swift; path = AppDelegate.swift; sourceTree = "<group>"; };
		72DD0959269B572200A687A1 /* Assets.xcassets */ = {isa = PBXFileReference; lastKnownFileType = folder.assetcatalog; path = Assets.xcassets; sourceTree = "<group>"; };
		72DD095C269B572200A687A1 /* Base */ = {isa = PBXFileReference; lastKnownFileType = file.storyboard; name = Base; path = Base.lproj/LaunchScreen.storyboard; sourceTree = "<group>"; };
		72DD095E269B572200A687A1 /* Info.plist */ = {isa = PBXFileReference; lastKnownFileType = text.plist.xml; path = Info.plist; sourceTree = "<group>"; };
		72DD0965269B594800A687A1 /* ApiService.swift */ = {isa = PBXFileReference; lastKnownFileType = sourcecode.swift; path = ApiService.swift; sourceTree = "<group>"; };
		72DD0968269B5A2900A687A1 /* Book.swift */ = {isa = PBXFileReference; lastKnownFileType = sourcecode.swift; path = Book.swift; sourceTree = "<group>"; };
		72DD096A269B5A9800A687A1 /* Offer.swift */ = {isa = PBXFileReference; lastKnownFileType = sourcecode.swift; path = Offer.swift; sourceTree = "<group>"; };
		72DD096C269B5ADE00A687A1 /* ManagerBooksService.swift */ = {isa = PBXFileReference; lastKnownFileType = sourcecode.swift; path = ManagerBooksService.swift; sourceTree = "<group>"; };
		72DD096F269B5FD900A687A1 /* ResponseOffers.swift */ = {isa = PBXFileReference; lastKnownFileType = sourcecode.swift; path = ResponseOffers.swift; sourceTree = "<group>"; };
		72DD0971269B68DF00A687A1 /* AppCoordinator.swift */ = {isa = PBXFileReference; lastKnownFileType = sourcecode.swift; path = AppCoordinator.swift; sourceTree = "<group>"; };
		72DD0975269B6A4500A687A1 /* BooksListCoordinator.swift */ = {isa = PBXFileReference; lastKnownFileType = sourcecode.swift; path = BooksListCoordinator.swift; sourceTree = "<group>"; };
		72DD0977269B6A6300A687A1 /* BookViewModel.swift */ = {isa = PBXFileReference; lastKnownFileType = sourcecode.swift; path = BookViewModel.swift; sourceTree = "<group>"; };
		72DD0979269B6AE600A687A1 /* BooksListView.swift */ = {isa = PBXFileReference; lastKnownFileType = sourcecode.swift; path = BooksListView.swift; sourceTree = "<group>"; };
		72DD097B269B6B0A00A687A1 /* BooksListViewController.swift */ = {isa = PBXFileReference; lastKnownFileType = sourcecode.swift; path = BooksListViewController.swift; sourceTree = "<group>"; };
		72DD097D269B6B2E00A687A1 /* BooksListViewModel.swift */ = {isa = PBXFileReference; lastKnownFileType = sourcecode.swift; path = BooksListViewModel.swift; sourceTree = "<group>"; };
		72DD0980269B6BAA00A687A1 /* ReusableUIView.swift */ = {isa = PBXFileReference; lastKnownFileType = sourcecode.swift; path = ReusableUIView.swift; sourceTree = "<group>"; };
		72DD0982269B6BE200A687A1 /* BindableViewController.swift */ = {isa = PBXFileReference; lastKnownFileType = sourcecode.swift; path = BindableViewController.swift; sourceTree = "<group>"; };
		72DD0985269B6C3900A687A1 /* UIColors+Extension.swift */ = {isa = PBXFileReference; lastKnownFileType = sourcecode.swift; path = "UIColors+Extension.swift"; sourceTree = "<group>"; };
		72DD0988269B6CA300A687A1 /* BookCell.swift */ = {isa = PBXFileReference; lastKnownFileType = sourcecode.swift; path = BookCell.swift; sourceTree = "<group>"; };
		72DD098C269BA31E00A687A1 /* LoaderImage.swift */ = {isa = PBXFileReference; lastKnownFileType = sourcecode.swift; path = LoaderImage.swift; sourceTree = "<group>"; };
		72DD0990269BB46000A687A1 /* ManagerBaskets.swift */ = {isa = PBXFileReference; lastKnownFileType = sourcecode.swift; path = ManagerBaskets.swift; sourceTree = "<group>"; };
/* End PBXFileReference section */

/* Begin PBXFrameworksBuildPhase section */
		72DD094A269B572000A687A1 /* Frameworks */ = {
			isa = PBXFrameworksBuildPhase;
			buildActionMask = 2147483647;
			files = (
			);
			runOnlyForDeploymentPostprocessing = 0;
		};
/* End PBXFrameworksBuildPhase section */

/* Begin PBXGroup section */
		72DD0944269B572000A687A1 = {
			isa = PBXGroup;
			children = (
				72DD094F269B572000A687A1 /* recruitment-tests-ahmed-chebbi */,
				72DD094E269B572000A687A1 /* Products */,
			);
			sourceTree = "<group>";
		};
		72DD094E269B572000A687A1 /* Products */ = {
			isa = PBXGroup;
			children = (
				72DD094D269B572000A687A1 /* recruitment-tests-ahmed-chebbi.app */,
			);
			name = Products;
			sourceTree = "<group>";
		};
		72DD094F269B572000A687A1 /* recruitment-tests-ahmed-chebbi */ = {
			isa = PBXGroup;
			children = (
				72DD097F269B6BA100A687A1 /* Base */,
				72DD0984269B6C2300A687A1 /* Utils */,
				72DD0974269B6A2700A687A1 /* BooksList */,
				72DD0973269B69BA00A687A1 /* Resources */,
				72DD0964269B57F700A687A1 /* Networks */,
				72DD0950269B572000A687A1 /* AppDelegate.swift */,
				72DD0971269B68DF00A687A1 /* AppCoordinator.swift */,
			);
			path = "recruitment-tests-ahmed-chebbi";
			sourceTree = "<group>";
		};
		72DD0964269B57F700A687A1 /* Networks */ = {
			isa = PBXGroup;
			children = (
				72DD096E269B5FBA00A687A1 /* Response */,
				72DD0967269B5A1B00A687A1 /* Models */,
				72DD0965269B594800A687A1 /* ApiService.swift */,
				72DD096C269B5ADE00A687A1 /* ManagerBooksService.swift */,
				72DD0990269BB46000A687A1 /* ManagerBaskets.swift */,
			);
			path = Networks;
			sourceTree = "<group>";
		};
		72DD0967269B5A1B00A687A1 /* Models */ = {
			isa = PBXGroup;
			children = (
				72DD0968269B5A2900A687A1 /* Book.swift */,
				72DD096A269B5A9800A687A1 /* Offer.swift */,
			);
			path = Models;
			sourceTree = "<group>";
		};
		72DD096E269B5FBA00A687A1 /* Response */ = {
			isa = PBXGroup;
			children = (
				72DD096F269B5FD900A687A1 /* ResponseOffers.swift */,
			);
			path = Response;
			sourceTree = "<group>";
		};
		72DD0973269B69BA00A687A1 /* Resources */ = {
			isa = PBXGroup;
			children = (
				72DD0959269B572200A687A1 /* Assets.xcassets */,
				72DD095B269B572200A687A1 /* LaunchScreen.storyboard */,
				72DD095E269B572200A687A1 /* Info.plist */,
			);
			path = Resources;
			sourceTree = "<group>";
		};
		72DD0974269B6A2700A687A1 /* BooksList */ = {
			isa = PBXGroup;
			children = (
				72DD097B269B6B0A00A687A1 /* BooksListViewController.swift */,
				72DD0979269B6AE600A687A1 /* BooksListView.swift */,
				72DD097D269B6B2E00A687A1 /* BooksListViewModel.swift */,
				72DD0987269B6C8C00A687A1 /* Cells */,
				72DD0975269B6A4500A687A1 /* BooksListCoordinator.swift */,
				72DD0977269B6A6300A687A1 /* BookViewModel.swift */,
			);
			path = BooksList;
			sourceTree = "<group>";
		};
		72DD097F269B6BA100A687A1 /* Base */ = {
			isa = PBXGroup;
			children = (
				72DD0980269B6BAA00A687A1 /* ReusableUIView.swift */,
				72DD0982269B6BE200A687A1 /* BindableViewController.swift */,
			);
			path = Base;
			sourceTree = "<group>";
		};
		72DD0984269B6C2300A687A1 /* Utils */ = {
			isa = PBXGroup;
			children = (
				72DD0985269B6C3900A687A1 /* UIColors+Extension.swift */,
				72DD098C269BA31E00A687A1 /* LoaderImage.swift */,
			);
			path = Utils;
			sourceTree = "<group>";
		};
		72DD0987269B6C8C00A687A1 /* Cells */ = {
			isa = PBXGroup;
			children = (
				72DD0988269B6CA300A687A1 /* BookCell.swift */,
			);
			path = Cells;
			sourceTree = "<group>";
		};
/* End PBXGroup section */

/* Begin PBXNativeTarget section */
		72DD094C269B572000A687A1 /* recruitment-tests-ahmed-chebbi */ = {
			isa = PBXNativeTarget;
			buildConfigurationList = 72DD0961269B572200A687A1 /* Build configuration list for PBXNativeTarget "recruitment-tests-ahmed-chebbi" */;
			buildPhases = (
				72DD0949269B572000A687A1 /* Sources */,
				72DD094A269B572000A687A1 /* Frameworks */,
				72DD094B269B572000A687A1 /* Resources */,
			);
			buildRules = (
			);
			dependencies = (
			);
			name = "recruitment-tests-ahmed-chebbi";
			productName = "recruitment-tests-ahmed-chebbi";
			productReference = 72DD094D269B572000A687A1 /* recruitment-tests-ahmed-chebbi.app */;
			productType = "com.apple.product-type.application";
		};
/* End PBXNativeTarget section */

/* Begin PBXProject section */
		72DD0945269B572000A687A1 /* Project object */ = {
			isa = PBXProject;
			attributes = {
				LastSwiftUpdateCheck = 1250;
				LastUpgradeCheck = 1250;
				TargetAttributes = {
					72DD094C269B572000A687A1 = {
						CreatedOnToolsVersion = 12.5;
					};
				};
			};
			buildConfigurationList = 72DD0948269B572000A687A1 /* Build configuration list for PBXProject "recruitment-tests-ahmed-chebbi" */;
			compatibilityVersion = "Xcode 9.3";
			developmentRegion = en;
			hasScannedForEncodings = 0;
			knownRegions = (
				en,
				Base,
			);
			mainGroup = 72DD0944269B572000A687A1;
			productRefGroup = 72DD094E269B572000A687A1 /* Products */;
			projectDirPath = "";
			projectRoot = "";
			targets = (
				72DD094C269B572000A687A1 /* recruitment-tests-ahmed-chebbi */,
			);
		};
/* End PBXProject section */

/* Begin PBXResourcesBuildPhase section */
		72DD094B269B572000A687A1 /* Resources */ = {
			isa = PBXResourcesBuildPhase;
			buildActionMask = 2147483647;
			files = (
				72DD095D269B572200A687A1 /* LaunchScreen.storyboard in Resources */,
				72DD095A269B572200A687A1 /* Assets.xcassets in Resources */,
			);
			runOnlyForDeploymentPostprocessing = 0;
		};
/* End PBXResourcesBuildPhase section */

/* Begin PBXSourcesBuildPhase section */
		72DD0949269B572000A687A1 /* Sources */ = {
			isa = PBXSourcesBuildPhase;
			buildActionMask = 2147483647;
			files = (
				72DD096B269B5A9800A687A1 /* Offer.swift in Sources */,
				72DD0976269B6A4500A687A1 /* BooksListCoordinator.swift in Sources */,
				72DD096D269B5ADE00A687A1 /* ManagerBooksService.swift in Sources */,
				72DD097E269B6B2E00A687A1 /* BooksListViewModel.swift in Sources */,
				72DD0983269B6BE200A687A1 /* BindableViewController.swift in Sources */,
				72DD097A269B6AE600A687A1 /* BooksListView.swift in Sources */,
				72DD097C269B6B0A00A687A1 /* BooksListViewController.swift in Sources */,
				72DD0989269B6CA300A687A1 /* BookCell.swift in Sources */,
				72DD0981269B6BAA00A687A1 /* ReusableUIView.swift in Sources */,
				72DD0991269BB46000A687A1 /* ManagerBaskets.swift in Sources */,
				72DD0970269B5FD900A687A1 /* ResponseOffers.swift in Sources */,
				72DD0978269B6A6300A687A1 /* BookViewModel.swift in Sources */,
				72DD0986269B6C3900A687A1 /* UIColors+Extension.swift in Sources */,
				72DD098D269BA31E00A687A1 /* LoaderImage.swift in Sources */,
				72DD0951269B572000A687A1 /* AppDelegate.swift in Sources */,
				72DD0966269B594800A687A1 /* ApiService.swift in Sources */,
				72DD0972269B68DF00A687A1 /* AppCoordinator.swift in Sources */,
				72DD0969269B5A2900A687A1 /* Book.swift in Sources */,
			);
			runOnlyForDeploymentPostprocessing = 0;
		};
/* End PBXSourcesBuildPhase section */

/* Begin PBXVariantGroup section */
		72DD095B269B572200A687A1 /* LaunchScreen.storyboard */ = {
			isa = PBXVariantGroup;
			children = (
				72DD095C269B572200A687A1 /* Base */,
			);
			name = LaunchScreen.storyboard;
			sourceTree = "<group>";
		};
/* End PBXVariantGroup section */

/* Begin XCBuildConfiguration section */
		72DD095F269B572200A687A1 /* Debug */ = {
			isa = XCBuildConfiguration;
			buildSettings = {
				ALWAYS_SEARCH_USER_PATHS = NO;
				CLANG_ANALYZER_NONNULL = YES;
				CLANG_ANALYZER_NUMBER_OBJECT_CONVERSION = YES_AGGRESSIVE;
				CLANG_CXX_LANGUAGE_STANDARD = "gnu++14";
				CLANG_CXX_LIBRARY = "libc++";
				CLANG_ENABLE_MODULES = YES;
				CLANG_ENABLE_OBJC_ARC = YES;
				CLANG_ENABLE_OBJC_WEAK = YES;
				CLANG_WARN_BLOCK_CAPTURE_AUTORELEASING = YES;
				CLANG_WARN_BOOL_CONVERSION = YES;
				CLANG_WARN_COMMA = YES;
				CLANG_WARN_CONSTANT_CONVERSION = YES;
				CLANG_WARN_DEPRECATED_OBJC_IMPLEMENTATIONS = YES;
				CLANG_WARN_DIRECT_OBJC_ISA_USAGE = YES_ERROR;
				CLANG_WARN_DOCUMENTATION_COMMENTS = YES;
				CLANG_WARN_EMPTY_BODY = YES;
				CLANG_WARN_ENUM_CONVERSION = YES;
				CLANG_WARN_INFINITE_RECURSION = YES;
				CLANG_WARN_INT_CONVERSION = YES;
				CLANG_WARN_NON_LITERAL_NULL_CONVERSION = YES;
				CLANG_WARN_OBJC_IMPLICIT_RETAIN_SELF = YES;
				CLANG_WARN_OBJC_LITERAL_CONVERSION = YES;
				CLANG_WARN_OBJC_ROOT_CLASS = YES_ERROR;
				CLANG_WARN_QUOTED_INCLUDE_IN_FRAMEWORK_HEADER = YES;
				CLANG_WARN_RANGE_LOOP_ANALYSIS = YES;
				CLANG_WARN_STRICT_PROTOTYPES = YES;
				CLANG_WARN_SUSPICIOUS_MOVE = YES;
				CLANG_WARN_UNGUARDED_AVAILABILITY = YES_AGGRESSIVE;
				CLANG_WARN_UNREACHABLE_CODE = YES;
				CLANG_WARN__DUPLICATE_METHOD_MATCH = YES;
				COPY_PHASE_STRIP = NO;
				DEBUG_INFORMATION_FORMAT = dwarf;
				ENABLE_STRICT_OBJC_MSGSEND = YES;
				ENABLE_TESTABILITY = YES;
				GCC_C_LANGUAGE_STANDARD = gnu11;
				GCC_DYNAMIC_NO_PIC = NO;
				GCC_NO_COMMON_BLOCKS = YES;
				GCC_OPTIMIZATION_LEVEL = 0;
				GCC_PREPROCESSOR_DEFINITIONS = (
					"DEBUG=1",
					"$(inherited)",
				);
				GCC_WARN_64_TO_32_BIT_CONVERSION = YES;
				GCC_WARN_ABOUT_RETURN_TYPE = YES_ERROR;
				GCC_WARN_UNDECLARED_SELECTOR = YES;
				GCC_WARN_UNINITIALIZED_AUTOS = YES_AGGRESSIVE;
				GCC_WARN_UNUSED_FUNCTION = YES;
				GCC_WARN_UNUSED_VARIABLE = YES;
				IPHONEOS_DEPLOYMENT_TARGET = 14.5;
				MTL_ENABLE_DEBUG_INFO = INCLUDE_SOURCE;
				MTL_FAST_MATH = YES;
				ONLY_ACTIVE_ARCH = YES;
				SDKROOT = iphoneos;
				SWIFT_ACTIVE_COMPILATION_CONDITIONS = DEBUG;
				SWIFT_OPTIMIZATION_LEVEL = "-Onone";
			};
			name = Debug;
		};
		72DD0960269B572200A687A1 /* Release */ = {
			isa = XCBuildConfiguration;
			buildSettings = {
				ALWAYS_SEARCH_USER_PATHS = NO;
				CLANG_ANALYZER_NONNULL = YES;
				CLANG_ANALYZER_NUMBER_OBJECT_CONVERSION = YES_AGGRESSIVE;
				CLANG_CXX_LANGUAGE_STANDARD = "gnu++14";
				CLANG_CXX_LIBRARY = "libc++";
				CLANG_ENABLE_MODULES = YES;
				CLANG_ENABLE_OBJC_ARC = YES;
				CLANG_ENABLE_OBJC_WEAK = YES;
				CLANG_WARN_BLOCK_CAPTURE_AUTORELEASING = YES;
				CLANG_WARN_BOOL_CONVERSION = YES;
				CLANG_WARN_COMMA = YES;
				CLANG_WARN_CONSTANT_CONVERSION = YES;
				CLANG_WARN_DEPRECATED_OBJC_IMPLEMENTATIONS = YES;
				CLANG_WARN_DIRECT_OBJC_ISA_USAGE = YES_ERROR;
				CLANG_WARN_DOCUMENTATION_COMMENTS = YES;
				CLANG_WARN_EMPTY_BODY = YES;
				CLANG_WARN_ENUM_CONVERSION = YES;
				CLANG_WARN_INFINITE_RECURSION = YES;
				CLANG_WARN_INT_CONVERSION = YES;
				CLANG_WARN_NON_LITERAL_NULL_CONVERSION = YES;
				CLANG_WARN_OBJC_IMPLICIT_RETAIN_SELF = YES;
				CLANG_WARN_OBJC_LITERAL_CONVERSION = YES;
				CLANG_WARN_OBJC_ROOT_CLASS = YES_ERROR;
				CLANG_WARN_QUOTED_INCLUDE_IN_FRAMEWORK_HEADER = YES;
				CLANG_WARN_RANGE_LOOP_ANALYSIS = YES;
				CLANG_WARN_STRICT_PROTOTYPES = YES;
				CLANG_WARN_SUSPICIOUS_MOVE = YES;
				CLANG_WARN_UNGUARDED_AVAILABILITY = YES_AGGRESSIVE;
				CLANG_WARN_UNREACHABLE_CODE = YES;
				CLANG_WARN__DUPLICATE_METHOD_MATCH = YES;
				COPY_PHASE_STRIP = NO;
				DEBUG_INFORMATION_FORMAT = "dwarf-with-dsym";
				ENABLE_NS_ASSERTIONS = NO;
				ENABLE_STRICT_OBJC_MSGSEND = YES;
				GCC_C_LANGUAGE_STANDARD = gnu11;
				GCC_NO_COMMON_BLOCKS = YES;
				GCC_WARN_64_TO_32_BIT_CONVERSION = YES;
				GCC_WARN_ABOUT_RETURN_TYPE = YES_ERROR;
				GCC_WARN_UNDECLARED_SELECTOR = YES;
				GCC_WARN_UNINITIALIZED_AUTOS = YES_AGGRESSIVE;
				GCC_WARN_UNUSED_FUNCTION = YES;
				GCC_WARN_UNUSED_VARIABLE = YES;
				IPHONEOS_DEPLOYMENT_TARGET = 14.5;
				MTL_ENABLE_DEBUG_INFO = NO;
				MTL_FAST_MATH = YES;
				SDKROOT = iphoneos;
				SWIFT_COMPILATION_MODE = wholemodule;
				SWIFT_OPTIMIZATION_LEVEL = "-O";
				VALIDATE_PRODUCT = YES;
			};
			name = Release;
		};
		72DD0962269B572200A687A1 /* Debug */ = {
			isa = XCBuildConfiguration;
			buildSettings = {
				ASSETCATALOG_COMPILER_APPICON_NAME = AppIcon;
				ASSETCATALOG_COMPILER_GLOBAL_ACCENT_COLOR_NAME = AccentColor;
				CODE_SIGN_STYLE = Automatic;
				INFOPLIST_FILE = "recruitment-tests-ahmed-chebbi/Resources/Info.plist";
				LD_RUNPATH_SEARCH_PATHS = (
					"$(inherited)",
					"@executable_path/Frameworks",
				);
				PRODUCT_BUNDLE_IDENTIFIER = "com.recruitment.tests.recruitment-tests-ahmed-chebbi";
				PRODUCT_NAME = "$(TARGET_NAME)";
				SWIFT_VERSION = 5.0;
				TARGETED_DEVICE_FAMILY = "1,2";
			};
			name = Debug;
		};
		72DD0963269B572200A687A1 /* Release */ = {
			isa = XCBuildConfiguration;
			buildSettings = {
				ASSETCATALOG_COMPILER_APPICON_NAME = AppIcon;
				ASSETCATALOG_COMPILER_GLOBAL_ACCENT_COLOR_NAME = AccentColor;
				CODE_SIGN_STYLE = Automatic;
				INFOPLIST_FILE = "recruitment-tests-ahmed-chebbi/Resources/Info.plist";
				LD_RUNPATH_SEARCH_PATHS = (
					"$(inherited)",
					"@executable_path/Frameworks",
				);
				PRODUCT_BUNDLE_IDENTIFIER = "com.recruitment.tests.recruitment-tests-ahmed-chebbi";
				PRODUCT_NAME = "$(TARGET_NAME)";
				SWIFT_VERSION = 5.0;
				TARGETED_DEVICE_FAMILY = "1,2";
			};
			name = Release;
		};
/* End XCBuildConfiguration section */

/* Begin XCConfigurationList section */
		72DD0948269B572000A687A1 /* Build configuration list for PBXProject "recruitment-tests-ahmed-chebbi" */ = {
			isa = XCConfigurationList;
			buildConfigurations = (
				72DD095F269B572200A687A1 /* Debug */,
				72DD0960269B572200A687A1 /* Release */,
			);
			defaultConfigurationIsVisible = 0;
			defaultConfigurationName = Release;
		};
		72DD0961269B572200A687A1 /* Build configuration list for PBXNativeTarget "recruitment-tests-ahmed-chebbi" */ = {
			isa = XCConfigurationList;
			buildConfigurations = (
				72DD0962269B572200A687A1 /* Debug */,
				72DD0963269B572200A687A1 /* Release */,
			);
			defaultConfigurationIsVisible = 0;
			defaultConfigurationName = Release;
		};
/* End XCConfigurationList section */
	};
	rootObject = 72DD0945269B572000A687A1 /* Project object */;
}
